
Microsoft Visual Studio Solution File, Format Version 12.00
# Visual Studio Version 17
VisualStudioVersion = 17.14.36511.14
MinimumVisualStudioVersion = 10.0.40219.1
Project("{FAE04EC0-301F-11D3-BF4B-00C04F79EFBC}") = "EMS", "EMS\EMS.csproj", "{B01B8931-5D63-4008-9991-D00E85FA192A}"
EndProject
Global
	GlobalSection(SolutionConfigurationPlatforms) = preSolution
		Debug|Any CPU = Debug|Any CPU
		Release|Any CPU = Release|Any CPU
	EndGlobalSection
	GlobalSection(ProjectConfigurationPlatforms) = postSolution
		{B01B8931-5D63-4008-9991-D00E85FA192A}.Debug|Any CPU.ActiveCfg = Debug|Any CPU
		{B01B8931-5D63-4008-9991-D00E85FA192A}.Debug|Any CPU.Build.0 = Debug|Any CPU
		{B01B8931-5D63-4008-9991-D00E85FA192A}.Release|Any CPU.ActiveCfg = Release|Any CPU
		{B01B8931-5D63-4008-9991-D00E85FA192A}.Release|Any CPU.Build.0 = Release|Any CPU
	EndGlobalSection
	GlobalSection(SolutionProperties) = preSolution
		HideSolutionNode = FALSE
	EndGlobalSection
	GlobalSection(ExtensibilityGlobals) = postSolution
		SolutionGuid = {E95A2AE2-8A26-43F7-8308-3AF1B5A7AC9D}
	EndGlobalSection
EndGlobal
